github.com/theNewDynamic/gohugo-theme-ananke v0.0.0-20220907123632-5a8b531a7ce2 h1:ovsK3aHUdOOMCTibGDzH9NiwcTjHGs8jAYflHk4z/Ao=
github.com/theNewDynamic/gohugo-theme-ananke v0.0.0-20220907123632-5a8b531a7ce2/go.mod h1:yY14BLqqh5G61rO81YcJKMHY1rClY5iIiUK+K2JKSUM=
github.com/theNewDynamic/gohugo-theme-ananke v0.0.0-20230919154732-c086834f0ebf h1:BY+sUxbApZGGlUbDKGBUAENu/9FBGdv4SdqrkzSSH2Y=
github.com/theNewDynamic/gohugo-theme-ananke v0.0.0-20230919154732-c086834f0ebf/go.mod h1:yY14BLqqh5G61rO81YcJKMHY1rClY5iIiUK+K2JKSUM=
